# THIS IS AN AUTOGENERATED FILE. DO NOT EDIT THIS FILE DIRECTLY.
# yarn lockfile v1


"@viol/core@^0.0.3":
  version "0.0.3"
  resolved "https://registry.yarnpkg.com/@viol/core/-/core-0.0.3.tgz#5fbee20d9a747992bf32b0f99dae392182420c08"
  integrity sha512-JvmG2Q6D3P3QSROMEwQWuMwhmWCBOYm9nRZGDTZc+iy/Mp9x2AkHEAo5/aQeHjot7qJZl06llesE8VBokkoIuQ==
