# THIS IS AN AUTOGENERATED FILE. DO NOT EDIT THIS FILE DIRECTLY.
# yarn lockfile v1


"@viol/core@^0.0.1":
  version "0.0.1"
  resolved "https://registry.yarnpkg.com/@viol/core/-/core-0.0.1.tgz#f9982bc5cca56501fc1b38309fd65c9f420bdb69"
  integrity sha512-aWKtnDEjdYxezYr50O44SWrMdN+lOa6H1cHM8GM9AlSf6rs26Qo6Ld7fWCh8O1Fcm/m2QqR9Y87vuceymwDUaQ==
